
Microsoft Visual Studio Solution File, Format Version 12.00
# Visual Studio Version 17
VisualStudioVersion = 17.9.34902.65
MinimumVisualStudioVersion = 10.0.40219.1
Project("{9A19103F-16F7-4668-BE54-9A1E7A4F7556}") = "API_EM_C#", "API_EM_C#.csproj", "{2018246B-DF40-440A-9E8B-8C5B3C15A160}"
EndProject
Project("{9A19103F-16F7-4668-BE54-9A1E7A4F7556}") = "Data", "..\DB.Infrastruction\Data.csproj", "{101F69AB-58C1-4D19-83EA-BD91F3C24755}"
EndProject
Global
	GlobalSection(SolutionConfigurationPlatforms) = preSolution
		Debug|Any CPU = Debug|Any CPU
		Release|Any CPU = Release|Any CPU
	EndGlobalSection
	GlobalSection(ProjectConfigurationPlatforms) = postSolution
		{2018246B-DF40-440A-9E8B-8C5B3C15A160}.Debug|Any CPU.ActiveCfg = Debug|Any CPU
		{2018246B-DF40-440A-9E8B-8C5B3C15A160}.Debug|Any CPU.Build.0 = Debug|Any CPU
		{2018246B-DF40-440A-9E8B-8C5B3C15A160}.Release|Any CPU.ActiveCfg = Release|Any CPU
		{2018246B-DF40-440A-9E8B-8C5B3C15A160}.Release|Any CPU.Build.0 = Release|Any CPU
		{101F69AB-58C1-4D19-83EA-BD91F3C24755}.Debug|Any CPU.ActiveCfg = Debug|Any CPU
		{101F69AB-58C1-4D19-83EA-BD91F3C24755}.Debug|Any CPU.Build.0 = Debug|Any CPU
		{101F69AB-58C1-4D19-83EA-BD91F3C24755}.Release|Any CPU.ActiveCfg = Release|Any CPU
		{101F69AB-58C1-4D19-83EA-BD91F3C24755}.Release|Any CPU.Build.0 = Release|Any CPU
	EndGlobalSection
	GlobalSection(SolutionProperties) = preSolution
		HideSolutionNode = FALSE
	EndGlobalSection
	GlobalSection(ExtensibilityGlobals) = postSolution
		SolutionGuid = {5DA32655-EB6C-4665-B623-84A5410140C6}
	EndGlobalSection
EndGlobal
